{
  "name": "reindeersite",
  "lockfileVersion": 3,
  "requires": true,
  "packages": {
    "": {
      "dependencies": {
        "nodes.js": "^0.0.1-security"
      }
    },
    "node_modules/nodes.js": {
      "version": "0.0.1-security",
      "resolved": "https://registry.npmjs.org/nodes.js/-/nodes.js-0.0.1-security.tgz",
      "integrity": "sha512-oXWKGSKSyVNfU/lB00n9CW6ZN8LZLT7bSS15Yl1paZBBXxYoGMc5nRBA4M/lP/b0J/KvQyFxR+za5UJ9HzSukg=="
    }
  }
}
